
Microsoft Visual Studio Solution File, Format Version 12.00
# Visual Studio Version 16
VisualStudioVersion = 25.0.1706.7
MinimumVisualStudioVersion = 10.0.40219.1
Project("{FAE04EC0-301F-11D3-BF4B-00C04F79EFBC}") = "CSharpNUnit", "CSharpNUnit\CSharpNUnit.csproj", "{3BD375AC-20A7-483B-ADA0-2EC310AE0DC8}"
EndProject
Global
	GlobalSection(SolutionConfigurationPlatforms) = preSolution
		Debug|Any CPU = Debug|Any CPU
		Release|Any CPU = Release|Any CPU
	EndGlobalSection
	GlobalSection(ProjectConfigurationPlatforms) = postSolution
		{3BD375AC-20A7-483B-ADA0-2EC310AE0DC8}.Debug|Any CPU.ActiveCfg = Debug|Any CPU
		{3BD375AC-20A7-483B-ADA0-2EC310AE0DC8}.Debug|Any CPU.Build.0 = Debug|Any CPU
		{3BD375AC-20A7-483B-ADA0-2EC310AE0DC8}.Release|Any CPU.ActiveCfg = Release|Any CPU
		{3BD375AC-20A7-483B-ADA0-2EC310AE0DC8}.Release|Any CPU.Build.0 = Release|Any CPU
	EndGlobalSection
	GlobalSection(SolutionProperties) = preSolution
		HideSolutionNode = FALSE
	EndGlobalSection
	GlobalSection(ExtensibilityGlobals) = postSolution
		SolutionGuid = {6BE595F2-36D9-4D5F-9A73-852408BDC282}
	EndGlobalSection
EndGlobal
